
Microsoft Visual Studio Solution File, Format Version 12.00
# Visual Studio Version 17
VisualStudioVersion = 17.4.33122.133
MinimumVisualStudioVersion = 10.0.40219.1
Project("{FAE04EC0-301F-11D3-BF4B-00C04F79EFBC}") = "MyBanker", "MyBanker\MyBanker.csproj", "{0C741036-8970-4C80-B901-8D825E835523}"
EndProject
Global
	GlobalSection(SolutionConfigurationPlatforms) = preSolution
		Debug|Any CPU = Debug|Any CPU
		Release|Any CPU = Release|Any CPU
	EndGlobalSection
	GlobalSection(ProjectConfigurationPlatforms) = postSolution
		{0C741036-8970-4C80-B901-8D825E835523}.Debug|Any CPU.ActiveCfg = Debug|Any CPU
		{0C741036-8970-4C80-B901-8D825E835523}.Debug|Any CPU.Build.0 = Debug|Any CPU
		{0C741036-8970-4C80-B901-8D825E835523}.Release|Any CPU.ActiveCfg = Release|Any CPU
		{0C741036-8970-4C80-B901-8D825E835523}.Release|Any CPU.Build.0 = Release|Any CPU
	EndGlobalSection
	GlobalSection(SolutionProperties) = preSolution
		HideSolutionNode = FALSE
	EndGlobalSection
	GlobalSection(ExtensibilityGlobals) = postSolution
		SolutionGuid = {A66E53BA-D01D-4413-92EB-2698C3A4BA23}
	EndGlobalSection
EndGlobal
